
Microsoft Visual Studio Solution File, Format Version 12.00
# Visual Studio Version 16
VisualStudioVersion = 16.0.30503.244
MinimumVisualStudioVersion = 10.0.40219.1
Project("{8BC9CEB8-8B4A-11D0-8D11-00A0C91BC942}") = "LABA2_OOP_repo", "LABA2_OOP\LABA2_OOP.vcxproj", "{2447ACF2-EB49-4C1A-A944-41C5F0D1421B}"
EndProject
Global
	GlobalSection(SolutionConfigurationPlatforms) = preSolution
		Debug|x64 = Debug|x64
		Debug|x86 = Debug|x86
		Release|x64 = Release|x64
		Release|x86 = Release|x86
	EndGlobalSection
	GlobalSection(ProjectConfigurationPlatforms) = postSolution
		{2447ACF2-EB49-4C1A-A944-41C5F0D1421B}.Debug|x64.ActiveCfg = Debug|x64
		{2447ACF2-EB49-4C1A-A944-41C5F0D1421B}.Debug|x64.Build.0 = Debug|x64
		{2447ACF2-EB49-4C1A-A944-41C5F0D1421B}.Debug|x86.ActiveCfg = Debug|Win32
		{2447ACF2-EB49-4C1A-A944-41C5F0D1421B}.Debug|x86.Build.0 = Debug|Win32
		{2447ACF2-EB49-4C1A-A944-41C5F0D1421B}.Release|x64.ActiveCfg = Release|x64
		{2447ACF2-EB49-4C1A-A944-41C5F0D1421B}.Release|x64.Build.0 = Release|x64
		{2447ACF2-EB49-4C1A-A944-41C5F0D1421B}.Release|x86.ActiveCfg = Release|Win32
		{2447ACF2-EB49-4C1A-A944-41C5F0D1421B}.Release|x86.Build.0 = Release|Win32
	EndGlobalSection
	GlobalSection(SolutionProperties) = preSolution
		HideSolutionNode = FALSE
	EndGlobalSection
	GlobalSection(ExtensibilityGlobals) = postSolution
		SolutionGuid = {15DC9E83-BC21-4946-BC5C-D75826FA0925}
	EndGlobalSection
EndGlobal
